
Microsoft Visual Studio Solution File, Format Version 12.00
# Visual Studio Version 17
VisualStudioVersion = 17.3.32819.101
MinimumVisualStudioVersion = 10.0.40219.1
Project("{FAE04EC0-301F-11D3-BF4B-00C04F79EFBC}") = "ForteDigitalTask", "ForteDigitalTask\ForteDigitalTask.csproj", "{89F0FAF9-3695-408A-BDD8-85A6DA37F23F}"
EndProject
Global
	GlobalSection(SolutionConfigurationPlatforms) = preSolution
		Debug|Any CPU = Debug|Any CPU
		Release|Any CPU = Release|Any CPU
	EndGlobalSection
	GlobalSection(ProjectConfigurationPlatforms) = postSolution
		{89F0FAF9-3695-408A-BDD8-85A6DA37F23F}.Debug|Any CPU.ActiveCfg = Debug|Any CPU
		{89F0FAF9-3695-408A-BDD8-85A6DA37F23F}.Debug|Any CPU.Build.0 = Debug|Any CPU
		{89F0FAF9-3695-408A-BDD8-85A6DA37F23F}.Release|Any CPU.ActiveCfg = Release|Any CPU
		{89F0FAF9-3695-408A-BDD8-85A6DA37F23F}.Release|Any CPU.Build.0 = Release|Any CPU
	EndGlobalSection
	GlobalSection(SolutionProperties) = preSolution
		HideSolutionNode = FALSE
	EndGlobalSection
	GlobalSection(ExtensibilityGlobals) = postSolution
		SolutionGuid = {98D61944-F770-4914-A72D-3EE28A4318DB}
	EndGlobalSection
EndGlobal
